
Microsoft Visual Studio Solution File, Format Version 12.00
# Visual Studio Version 17
VisualStudioVersion = 17.4.33213.308
MinimumVisualStudioVersion = 10.0.40219.1
Project("{9A19103F-16F7-4668-BE54-9A1E7A4F7556}") = "MyToDo", "MyToDo\MyToDo.csproj", "{660EE2E0-E3AE-4B2C-999C-D6E20ADE41CA}"
EndProject
Project("{9A19103F-16F7-4668-BE54-9A1E7A4F7556}") = "MyToDoWebAPI", "MyToDoWebAPI\MyToDoWebAPI.csproj", "{42804628-5CE9-4A2F-95A0-22B9CF6A8D04}"
EndProject
Project("{9A19103F-16F7-4668-BE54-9A1E7A4F7556}") = "MyToDo.Shared", "MyToDo.Shared\MyToDo.Shared.csproj", "{7BAC9DB8-A575-4832-ACD5-A345A7AC06EF}"
EndProject
Project("{FAE04EC0-301F-11D3-BF4B-00C04F79EFBC}") = "PrismAppDemo", "PrismAppDemo\PrismAppDemo.csproj", "{0F4E1D4F-86FE-4FE3-BAFA-D29EF0C318BD}"
EndProject
Global
	GlobalSection(SolutionConfigurationPlatforms) = preSolution
		Debug|Any CPU = Debug|Any CPU
		Release|Any CPU = Release|Any CPU
	EndGlobalSection
	GlobalSection(ProjectConfigurationPlatforms) = postSolution
		{660EE2E0-E3AE-4B2C-999C-D6E20ADE41CA}.Debug|Any CPU.ActiveCfg = Debug|Any CPU
		{660EE2E0-E3AE-4B2C-999C-D6E20ADE41CA}.Debug|Any CPU.Build.0 = Debug|Any CPU
		{660EE2E0-E3AE-4B2C-999C-D6E20ADE41CA}.Release|Any CPU.ActiveCfg = Release|Any CPU
		{660EE2E0-E3AE-4B2C-999C-D6E20ADE41CA}.Release|Any CPU.Build.0 = Release|Any CPU
		{42804628-5CE9-4A2F-95A0-22B9CF6A8D04}.Debug|Any CPU.ActiveCfg = Debug|Any CPU
		{42804628-5CE9-4A2F-95A0-22B9CF6A8D04}.Debug|Any CPU.Build.0 = Debug|Any CPU
		{42804628-5CE9-4A2F-95A0-22B9CF6A8D04}.Release|Any CPU.ActiveCfg = Release|Any CPU
		{42804628-5CE9-4A2F-95A0-22B9CF6A8D04}.Release|Any CPU.Build.0 = Release|Any CPU
		{7BAC9DB8-A575-4832-ACD5-A345A7AC06EF}.Debug|Any CPU.ActiveCfg = Debug|Any CPU
		{7BAC9DB8-A575-4832-ACD5-A345A7AC06EF}.Debug|Any CPU.Build.0 = Debug|Any CPU
		{7BAC9DB8-A575-4832-ACD5-A345A7AC06EF}.Release|Any CPU.ActiveCfg = Release|Any CPU
		{7BAC9DB8-A575-4832-ACD5-A345A7AC06EF}.Release|Any CPU.Build.0 = Release|Any CPU
		{0F4E1D4F-86FE-4FE3-BAFA-D29EF0C318BD}.Debug|Any CPU.ActiveCfg = Debug|Any CPU
		{0F4E1D4F-86FE-4FE3-BAFA-D29EF0C318BD}.Debug|Any CPU.Build.0 = Debug|Any CPU
		{0F4E1D4F-86FE-4FE3-BAFA-D29EF0C318BD}.Release|Any CPU.ActiveCfg = Release|Any CPU
		{0F4E1D4F-86FE-4FE3-BAFA-D29EF0C318BD}.Release|Any CPU.Build.0 = Release|Any CPU
	EndGlobalSection
	GlobalSection(SolutionProperties) = preSolution
		HideSolutionNode = FALSE
	EndGlobalSection
	GlobalSection(ExtensibilityGlobals) = postSolution
		SolutionGuid = {AE8F6051-99EA-4386-841B-025DC42FB869}
	EndGlobalSection
EndGlobal
